// !$*UTF8*$!
{
	archiveVersion = 1;
	classes = {
	};
	objectVersion = 56;
	objects = {

/* Begin PBXBuildFile section */
		B672B8192B0910DF00E5201B /* AppDelegate.swift in Sources */ = {isa = PBXBuildFile; fileRef = B672B8182B0910DF00E5201B /* AppDelegate.swift */; };
		B672B81B2B0910DF00E5201B /* SceneDelegate.swift in Sources */ = {isa = PBXBuildFile; fileRef = B672B81A2B0910DF00E5201B /* SceneDelegate.swift */; };
		B672B81D2B0910DF00E5201B /* ViewController.swift in Sources */ = {isa = PBXBuildFile; fileRef = B672B81C2B0910DF00E5201B /* ViewController.swift */; };
		B672B8222B0910E000E5201B /* Assets.xcassets in Resources */ = {isa = PBXBuildFile; fileRef = B672B8212B0910E000E5201B /* Assets.xcassets */; };
		B672B8252B0910E000E5201B /* LaunchScreen.storyboard in Resources */ = {isa = PBXBuildFile; fileRef = B672B8232B0910E000E5201B /* LaunchScreen.storyboard */; };
		B672B8302B0910E000E5201B /* GeulGeurimTests.swift in Sources */ = {isa = PBXBuildFile; fileRef = B672B82F2B0910E000E5201B /* GeulGeurimTests.swift */; };
		B672B83A2B0910E000E5201B /* GeulGeurimUITests.swift in Sources */ = {isa = PBXBuildFile; fileRef = B672B8392B0910E000E5201B /* GeulGeurimUITests.swift */; };
		B672B83C2B0910E000E5201B /* GeulGeurimUITestsLaunchTests.swift in Sources */ = {isa = PBXBuildFile; fileRef = B672B83B2B0910E000E5201B /* GeulGeurimUITestsLaunchTests.swift */; };
		B672B84E2B09156700E5201B /* .gitignore in Resources */ = {isa = PBXBuildFile; fileRef = B672B84D2B09156700E5201B /* .gitignore */; };
		B672B8512B0915CC00E5201B /* SnapKit in Frameworks */ = {isa = PBXBuildFile; productRef = B672B8502B0915CC00E5201B /* SnapKit */; };
		B672B8552B091A1B00E5201B /* Coordinator.swift in Sources */ = {isa = PBXBuildFile; fileRef = B672B8542B091A1B00E5201B /* Coordinator.swift */; };
		B672B8572B091B1C00E5201B /* ReadNowTabCoordinator.swift in Sources */ = {isa = PBXBuildFile; fileRef = B672B8562B091B1C00E5201B /* ReadNowTabCoordinator.swift */; };
		B672B8592B091B7300E5201B /* ReadNowViewController.swift in Sources */ = {isa = PBXBuildFile; fileRef = B672B8582B091B7300E5201B /* ReadNowViewController.swift */; };
		B672B85D2B091DED00E5201B /* TabBarItemType.swift in Sources */ = {isa = PBXBuildFile; fileRef = B672B85C2B091DED00E5201B /* TabBarItemType.swift */; };
		B672B85F2B09211C00E5201B /* MainTabBarCoordinator.swift in Sources */ = {isa = PBXBuildFile; fileRef = B672B85E2B09211C00E5201B /* MainTabBarCoordinator.swift */; };
		B672B8632B092D1600E5201B /* AppCoordinator.swift in Sources */ = {isa = PBXBuildFile; fileRef = B672B8622B092D1600E5201B /* AppCoordinator.swift */; };
		B672B8652B092E6B00E5201B /* LibraryTabCoordinator.swift in Sources */ = {isa = PBXBuildFile; fileRef = B672B8642B092E6B00E5201B /* LibraryTabCoordinator.swift */; };
		B672B8672B092EE400E5201B /* LibraryViewController.swift in Sources */ = {isa = PBXBuildFile; fileRef = B672B8662B092EE400E5201B /* LibraryViewController.swift */; };
		B672B8692B092F0300E5201B /* MoreTabCoordinator.swift in Sources */ = {isa = PBXBuildFile; fileRef = B672B8682B092F0300E5201B /* MoreTabCoordinator.swift */; };
		B672B86B2B092F2500E5201B /* MoreViewController.swift in Sources */ = {isa = PBXBuildFile; fileRef = B672B86A2B092F2500E5201B /* MoreViewController.swift */; };
		B69A14B92B09337A004EF4DE /* MainTabBarController.swift in Sources */ = {isa = PBXBuildFile; fileRef = B69A14B82B09337A004EF4DE /* MainTabBarController.swift */; };
/* End PBXBuildFile section */

/* Begin PBXContainerItemProxy section */
		B672B82C2B0910E000E5201B /* PBXContainerItemProxy */ = {
			isa = PBXContainerItemProxy;
			containerPortal = B672B80D2B0910DF00E5201B /* Project object */;
			proxyType = 1;
			remoteGlobalIDString = B672B8142B0910DF00E5201B;
			remoteInfo = GeulGeurim;
		};
		B672B8362B0910E000E5201B /* PBXContainerItemProxy */ = {
			isa = PBXContainerItemProxy;
			containerPortal = B672B80D2B0910DF00E5201B /* Project object */;
			proxyType = 1;
			remoteGlobalIDString = B672B8142B0910DF00E5201B;
			remoteInfo = GeulGeurim;
		};
/* End PBXContainerItemProxy section */

/* Begin PBXFileReference section */
		B672B8152B0910DF00E5201B /* GeulGeurim.app */ = {isa = PBXFileReference; explicitFileType = wrapper.application; includeInIndex = 0; path = GeulGeurim.app; sourceTree = BUILT_PRODUCTS_DIR; };
		B672B8182B0910DF00E5201B /* AppDelegate.swift */ = {isa = PBXFileReference; lastKnownFileType = sourcecode.swift; path = AppDelegate.swift; sourceTree = "<group>"; };
		B672B81A2B0910DF00E5201B /* SceneDelegate.swift */ = {isa = PBXFileReference; lastKnownFileType = sourcecode.swift; path = SceneDelegate.swift; sourceTree = "<group>"; };
		B672B81C2B0910DF00E5201B /* ViewController.swift */ = {isa = PBXFileReference; lastKnownFileType = sourcecode.swift; path = ViewController.swift; sourceTree = "<group>"; };
		B672B8212B0910E000E5201B /* Assets.xcassets */ = {isa = PBXFileReference; lastKnownFileType = folder.assetcatalog; path = Assets.xcassets; sourceTree = "<group>"; };
		B672B8242B0910E000E5201B /* Base */ = {isa = PBXFileReference; lastKnownFileType = file.storyboard; name = Base; path = Base.lproj/LaunchScreen.storyboard; sourceTree = "<group>"; };
		B672B8262B0910E000E5201B /* Info.plist */ = {isa = PBXFileReference; lastKnownFileType = text.plist.xml; path = Info.plist; sourceTree = "<group>"; };
		B672B82B2B0910E000E5201B /* GeulGeurimTests.xctest */ = {isa = PBXFileReference; explicitFileType = wrapper.cfbundle; includeInIndex = 0; path = GeulGeurimTests.xctest; sourceTree = BUILT_PRODUCTS_DIR; };
		B672B82F2B0910E000E5201B /* GeulGeurimTests.swift */ = {isa = PBXFileReference; lastKnownFileType = sourcecode.swift; path = GeulGeurimTests.swift; sourceTree = "<group>"; };
		B672B8352B0910E000E5201B /* GeulGeurimUITests.xctest */ = {isa = PBXFileReference; explicitFileType = wrapper.cfbundle; includeInIndex = 0; path = GeulGeurimUITests.xctest; sourceTree = BUILT_PRODUCTS_DIR; };
		B672B8392B0910E000E5201B /* GeulGeurimUITests.swift */ = {isa = PBXFileReference; lastKnownFileType = sourcecode.swift; path = GeulGeurimUITests.swift; sourceTree = "<group>"; };
		B672B83B2B0910E000E5201B /* GeulGeurimUITestsLaunchTests.swift */ = {isa = PBXFileReference; lastKnownFileType = sourcecode.swift; path = GeulGeurimUITestsLaunchTests.swift; sourceTree = "<group>"; };
		B672B84D2B09156700E5201B /* .gitignore */ = {isa = PBXFileReference; lastKnownFileType = text; path = .gitignore; sourceTree = "<group>"; };
		B672B8542B091A1B00E5201B /* Coordinator.swift */ = {isa = PBXFileReference; lastKnownFileType = sourcecode.swift; path = Coordinator.swift; sourceTree = "<group>"; };
		B672B8562B091B1C00E5201B /* ReadNowTabCoordinator.swift */ = {isa = PBXFileReference; lastKnownFileType = sourcecode.swift; path = ReadNowTabCoordinator.swift; sourceTree = "<group>"; };
		B672B8582B091B7300E5201B /* ReadNowViewController.swift */ = {isa = PBXFileReference; lastKnownFileType = sourcecode.swift; path = ReadNowViewController.swift; sourceTree = "<group>"; };
		B672B85C2B091DED00E5201B /* TabBarItemType.swift */ = {isa = PBXFileReference; lastKnownFileType = sourcecode.swift; path = TabBarItemType.swift; sourceTree = "<group>"; };
		B672B85E2B09211C00E5201B /* MainTabBarCoordinator.swift */ = {isa = PBXFileReference; lastKnownFileType = sourcecode.swift; path = MainTabBarCoordinator.swift; sourceTree = "<group>"; };
		B672B8622B092D1600E5201B /* AppCoordinator.swift */ = {isa = PBXFileReference; lastKnownFileType = sourcecode.swift; path = AppCoordinator.swift; sourceTree = "<group>"; };
		B672B8642B092E6B00E5201B /* LibraryTabCoordinator.swift */ = {isa = PBXFileReference; lastKnownFileType = sourcecode.swift; path = LibraryTabCoordinator.swift; sourceTree = "<group>"; };
		B672B8662B092EE400E5201B /* LibraryViewController.swift */ = {isa = PBXFileReference; lastKnownFileType = sourcecode.swift; path = LibraryViewController.swift; sourceTree = "<group>"; };
		B672B8682B092F0300E5201B /* MoreTabCoordinator.swift */ = {isa = PBXFileReference; lastKnownFileType = sourcecode.swift; path = MoreTabCoordinator.swift; sourceTree = "<group>"; };
		B672B86A2B092F2500E5201B /* MoreViewController.swift */ = {isa = PBXFileReference; lastKnownFileType = sourcecode.swift; path = MoreViewController.swift; sourceTree = "<group>"; };
		B69A14B82B09337A004EF4DE /* MainTabBarController.swift */ = {isa = PBXFileReference; lastKnownFileType = sourcecode.swift; path = MainTabBarController.swift; sourceTree = "<group>"; };
/* End PBXFileReference section */

/* Begin PBXFrameworksBuildPhase section */
		B672B8122B0910DF00E5201B /* Frameworks */ = {
			isa = PBXFrameworksBuildPhase;
			buildActionMask = 2147483647;
			files = (
				B672B8512B0915CC00E5201B /* SnapKit in Frameworks */,
			);
			runOnlyForDeploymentPostprocessing = 0;
		};
		B672B8282B0910E000E5201B /* Frameworks */ = {
			isa = PBXFrameworksBuildPhase;
			buildActionMask = 2147483647;
			files = (
			);
			runOnlyForDeploymentPostprocessing = 0;
		};
		B672B8322B0910E000E5201B /* Frameworks */ = {
			isa = PBXFrameworksBuildPhase;
			buildActionMask = 2147483647;
			files = (
			);
			runOnlyForDeploymentPostprocessing = 0;
		};
/* End PBXFrameworksBuildPhase section */

/* Begin PBXGroup section */
		B672B80C2B0910DF00E5201B = {
			isa = PBXGroup;
			children = (
				B672B84D2B09156700E5201B /* .gitignore */,
				B672B8172B0910DF00E5201B /* GeulGeurim */,
				B672B82E2B0910E000E5201B /* GeulGeurimTests */,
				B672B8382B0910E000E5201B /* GeulGeurimUITests */,
				B672B8162B0910DF00E5201B /* Products */,
			);
			sourceTree = "<group>";
		};
		B672B8162B0910DF00E5201B /* Products */ = {
			isa = PBXGroup;
			children = (
				B672B8152B0910DF00E5201B /* GeulGeurim.app */,
				B672B82B2B0910E000E5201B /* GeulGeurimTests.xctest */,
				B672B8352B0910E000E5201B /* GeulGeurimUITests.xctest */,
			);
			name = Products;
			sourceTree = "<group>";
		};
		B672B8172B0910DF00E5201B /* GeulGeurim */ = {
			isa = PBXGroup;
			children = (
				B672B8182B0910DF00E5201B /* AppDelegate.swift */,
				B672B81A2B0910DF00E5201B /* SceneDelegate.swift */,
				B672B81C2B0910DF00E5201B /* ViewController.swift */,
				B672B8212B0910E000E5201B /* Assets.xcassets */,
				B672B8232B0910E000E5201B /* LaunchScreen.storyboard */,
				B672B8262B0910E000E5201B /* Info.plist */,
				B672B8542B091A1B00E5201B /* Coordinator.swift */,
				B672B8622B092D1600E5201B /* AppCoordinator.swift */,
				B672B85E2B09211C00E5201B /* MainTabBarCoordinator.swift */,
				B69A14B82B09337A004EF4DE /* MainTabBarController.swift */,
				B672B85C2B091DED00E5201B /* TabBarItemType.swift */,
				B672B8562B091B1C00E5201B /* ReadNowTabCoordinator.swift */,
				B672B8582B091B7300E5201B /* ReadNowViewController.swift */,
				B672B8642B092E6B00E5201B /* LibraryTabCoordinator.swift */,
				B672B8662B092EE400E5201B /* LibraryViewController.swift */,
				B672B8682B092F0300E5201B /* MoreTabCoordinator.swift */,
				B672B86A2B092F2500E5201B /* MoreViewController.swift */,
			);
			path = GeulGeurim;
			sourceTree = "<group>";
		};
		B672B82E2B0910E000E5201B /* GeulGeurimTests */ = {
			isa = PBXGroup;
			children = (
				B672B82F2B0910E000E5201B /* GeulGeurimTests.swift */,
			);
			path = GeulGeurimTests;
			sourceTree = "<group>";
		};
		B672B8382B0910E000E5201B /* GeulGeurimUITests */ = {
			isa = PBXGroup;
			children = (
				B672B8392B0910E000E5201B /* GeulGeurimUITests.swift */,
				B672B83B2B0910E000E5201B /* GeulGeurimUITestsLaunchTests.swift */,
			);
			path = GeulGeurimUITests;
			sourceTree = "<group>";
		};
/* End PBXGroup section */

/* Begin PBXNativeTarget section */
		B672B8142B0910DF00E5201B /* GeulGeurim */ = {
			isa = PBXNativeTarget;
			buildConfigurationList = B672B83F2B0910E000E5201B /* Build configuration list for PBXNativeTarget "GeulGeurim" */;
			buildPhases = (
				B672B8112B0910DF00E5201B /* Sources */,
				B672B8122B0910DF00E5201B /* Frameworks */,
				B672B8132B0910DF00E5201B /* Resources */,
			);
			buildRules = (
			);
			dependencies = (
			);
			name = GeulGeurim;
			packageProductDependencies = (
				B672B8502B0915CC00E5201B /* SnapKit */,
			);
			productName = GeulGeurim;
			productReference = B672B8152B0910DF00E5201B /* GeulGeurim.app */;
			productType = "com.apple.product-type.application";
		};
		B672B82A2B0910E000E5201B /* GeulGeurimTests */ = {
			isa = PBXNativeTarget;
			buildConfigurationList = B672B8422B0910E000E5201B /* Build configuration list for PBXNativeTarget "GeulGeurimTests" */;
			buildPhases = (
				B672B8272B0910E000E5201B /* Sources */,
				B672B8282B0910E000E5201B /* Frameworks */,
				B672B8292B0910E000E5201B /* Resources */,
			);
			buildRules = (
			);
			dependencies = (
				B672B82D2B0910E000E5201B /* PBXTargetDependency */,
			);
			name = GeulGeurimTests;
			productName = GeulGeurimTests;
			productReference = B672B82B2B0910E000E5201B /* GeulGeurimTests.xctest */;
			productType = "com.apple.product-type.bundle.unit-test";
		};
		B672B8342B0910E000E5201B /* GeulGeurimUITests */ = {
			isa = PBXNativeTarget;
			buildConfigurationList = B672B8452B0910E000E5201B /* Build configuration list for PBXNativeTarget "GeulGeurimUITests" */;
			buildPhases = (
				B672B8312B0910E000E5201B /* Sources */,
				B672B8322B0910E000E5201B /* Frameworks */,
				B672B8332B0910E000E5201B /* Resources */,
			);
			buildRules = (
			);
			dependencies = (
				B672B8372B0910E000E5201B /* PBXTargetDependency */,
			);
			name = GeulGeurimUITests;
			productName = GeulGeurimUITests;
			productReference = B672B8352B0910E000E5201B /* GeulGeurimUITests.xctest */;
			productType = "com.apple.product-type.bundle.ui-testing";
		};
/* End PBXNativeTarget section */

/* Begin PBXProject section */
		B672B80D2B0910DF00E5201B /* Project object */ = {
			isa = PBXProject;
			attributes = {
				BuildIndependentTargetsInParallel = 1;
				LastSwiftUpdateCheck = 1500;
				LastUpgradeCheck = 1500;
				TargetAttributes = {
					B672B8142B0910DF00E5201B = {
						CreatedOnToolsVersion = 15.0.1;
					};
					B672B82A2B0910E000E5201B = {
						CreatedOnToolsVersion = 15.0.1;
						TestTargetID = B672B8142B0910DF00E5201B;
					};
					B672B8342B0910E000E5201B = {
						CreatedOnToolsVersion = 15.0.1;
						TestTargetID = B672B8142B0910DF00E5201B;
					};
				};
			};
			buildConfigurationList = B672B8102B0910DF00E5201B /* Build configuration list for PBXProject "GeulGeurim" */;
			compatibilityVersion = "Xcode 14.0";
			developmentRegion = en;
			hasScannedForEncodings = 0;
			knownRegions = (
				en,
				Base,
			);
			mainGroup = B672B80C2B0910DF00E5201B;
			packageReferences = (
				B672B84F2B0915CC00E5201B /* XCRemoteSwiftPackageReference "SnapKit" */,
			);
			productRefGroup = B672B8162B0910DF00E5201B /* Products */;
			projectDirPath = "";
			projectRoot = "";
			targets = (
				B672B8142B0910DF00E5201B /* GeulGeurim */,
				B672B82A2B0910E000E5201B /* GeulGeurimTests */,
				B672B8342B0910E000E5201B /* GeulGeurimUITests */,
			);
		};
/* End PBXProject section */

/* Begin PBXResourcesBuildPhase section */
		B672B8132B0910DF00E5201B /* Resources */ = {
			isa = PBXResourcesBuildPhase;
			buildActionMask = 2147483647;
			files = (
				B672B8252B0910E000E5201B /* LaunchScreen.storyboard in Resources */,
				B672B84E2B09156700E5201B /* .gitignore in Resources */,
				B672B8222B0910E000E5201B /* Assets.xcassets in Resources */,
			);
			runOnlyForDeploymentPostprocessing = 0;
		};
		B672B8292B0910E000E5201B /* Resources */ = {
			isa = PBXResourcesBuildPhase;
			buildActionMask = 2147483647;
			files = (
			);
			runOnlyForDeploymentPostprocessing = 0;
		};
		B672B8332B0910E000E5201B /* Resources */ = {
			isa = PBXResourcesBuildPhase;
			buildActionMask = 2147483647;
			files = (
			);
			runOnlyForDeploymentPostprocessing = 0;
		};
/* End PBXResourcesBuildPhase section */

/* Begin PBXSourcesBuildPhase section */
		B672B8112B0910DF00E5201B /* Sources */ = {
			isa = PBXSourcesBuildPhase;
			buildActionMask = 2147483647;
			files = (
				B672B8652B092E6B00E5201B /* LibraryTabCoordinator.swift in Sources */,
				B672B86B2B092F2500E5201B /* MoreViewController.swift in Sources */,
				B672B8672B092EE400E5201B /* LibraryViewController.swift in Sources */,
				B672B8552B091A1B00E5201B /* Coordinator.swift in Sources */,
				B672B8572B091B1C00E5201B /* ReadNowTabCoordinator.swift in Sources */,
				B672B81D2B0910DF00E5201B /* ViewController.swift in Sources */,
				B672B8692B092F0300E5201B /* MoreTabCoordinator.swift in Sources */,
				B672B85D2B091DED00E5201B /* TabBarItemType.swift in Sources */,
				B672B8192B0910DF00E5201B /* AppDelegate.swift in Sources */,
				B672B81B2B0910DF00E5201B /* SceneDelegate.swift in Sources */,
				B69A14B92B09337A004EF4DE /* MainTabBarController.swift in Sources */,
				B672B8632B092D1600E5201B /* AppCoordinator.swift in Sources */,
				B672B85F2B09211C00E5201B /* MainTabBarCoordinator.swift in Sources */,
				B672B8592B091B7300E5201B /* ReadNowViewController.swift in Sources */,
			);
			runOnlyForDeploymentPostprocessing = 0;
		};
		B672B8272B0910E000E5201B /* Sources */ = {
			isa = PBXSourcesBuildPhase;
			buildActionMask = 2147483647;
			files = (
				B672B8302B0910E000E5201B /* GeulGeurimTests.swift in Sources */,
			);
			runOnlyForDeploymentPostprocessing = 0;
		};
		B672B8312B0910E000E5201B /* Sources */ = {
			isa = PBXSourcesBuildPhase;
			buildActionMask = 2147483647;
			files = (
				B672B83C2B0910E000E5201B /* GeulGeurimUITestsLaunchTests.swift in Sources */,
				B672B83A2B0910E000E5201B /* GeulGeurimUITests.swift in Sources */,
			);
			runOnlyForDeploymentPostprocessing = 0;
		};
/* End PBXSourcesBuildPhase section */

/* Begin PBXTargetDependency section */
		B672B82D2B0910E000E5201B /* PBXTargetDependency */ = {
			isa = PBXTargetDependency;
			target = B672B8142B0910DF00E5201B /* GeulGeurim */;
			targetProxy = B672B82C2B0910E000E5201B /* PBXContainerItemProxy */;
		};
		B672B8372B0910E000E5201B /* PBXTargetDependency */ = {
			isa = PBXTargetDependency;
			target = B672B8142B0910DF00E5201B /* GeulGeurim */;
			targetProxy = B672B8362B0910E000E5201B /* PBXContainerItemProxy */;
		};
/* End PBXTargetDependency section */

/* Begin PBXVariantGroup section */
		B672B8232B0910E000E5201B /* LaunchScreen.storyboard */ = {
			isa = PBXVariantGroup;
			children = (
				B672B8242B0910E000E5201B /* Base */,
			);
			name = LaunchScreen.storyboard;
			sourceTree = "<group>";
		};
/* End PBXVariantGroup section */

/* Begin XCBuildConfiguration section */
		B672B83D2B0910E000E5201B /* Debug */ = {
			isa = XCBuildConfiguration;
			buildSettings = {
				ALWAYS_SEARCH_USER_PATHS = NO;
				ASSETCATALOG_COMPILER_GENERATE_SWIFT_ASSET_SYMBOL_EXTENSIONS = YES;
				CLANG_ANALYZER_NONNULL = YES;
				CLANG_ANALYZER_NUMBER_OBJECT_CONVERSION = YES_AGGRESSIVE;
				CLANG_CXX_LANGUAGE_STANDARD = "gnu++20";
				CLANG_ENABLE_MODULES = YES;
				CLANG_ENABLE_OBJC_ARC = YES;
				CLANG_ENABLE_OBJC_WEAK = YES;
				CLANG_WARN_BLOCK_CAPTURE_AUTORELEASING = YES;
				CLANG_WARN_BOOL_CONVERSION = YES;
				CLANG_WARN_COMMA = YES;
				CLANG_WARN_CONSTANT_CONVERSION = YES;
				CLANG_WARN_DEPRECATED_OBJC_IMPLEMENTATIONS = YES;
				CLANG_WARN_DIRECT_OBJC_ISA_USAGE = YES_ERROR;
				CLANG_WARN_DOCUMENTATION_COMMENTS = YES;
				CLANG_WARN_EMPTY_BODY = YES;
				CLANG_WARN_ENUM_CONVERSION = YES;
				CLANG_WARN_INFINITE_RECURSION = YES;
				CLANG_WARN_INT_CONVERSION = YES;
				CLANG_WARN_NON_LITERAL_NULL_CONVERSION = YES;
				CLANG_WARN_OBJC_IMPLICIT_RETAIN_SELF = YES;
				CLANG_WARN_OBJC_LITERAL_CONVERSION = YES;
				CLANG_WARN_OBJC_ROOT_CLASS = YES_ERROR;
				CLANG_WARN_QUOTED_INCLUDE_IN_FRAMEWORK_HEADER = YES;
				CLANG_WARN_RANGE_LOOP_ANALYSIS = YES;
				CLANG_WARN_STRICT_PROTOTYPES = YES;
				CLANG_WARN_SUSPICIOUS_MOVE = YES;
				CLANG_WARN_UNGUARDED_AVAILABILITY = YES_AGGRESSIVE;
				CLANG_WARN_UNREACHABLE_CODE = YES;
				CLANG_WARN__DUPLICATE_METHOD_MATCH = YES;
				COPY_PHASE_STRIP = NO;
				DEBUG_INFORMATION_FORMAT = dwarf;
				ENABLE_STRICT_OBJC_MSGSEND = YES;
				ENABLE_TESTABILITY = YES;
				ENABLE_USER_SCRIPT_SANDBOXING = YES;
				GCC_C_LANGUAGE_STANDARD = gnu17;
				GCC_DYNAMIC_NO_PIC = NO;
				GCC_NO_COMMON_BLOCKS = YES;
				GCC_OPTIMIZATION_LEVEL = 0;
				GCC_PREPROCESSOR_DEFINITIONS = (
					"DEBUG=1",
					"$(inherited)",
				);
				GCC_WARN_64_TO_32_BIT_CONVERSION = YES;
				GCC_WARN_ABOUT_RETURN_TYPE = YES_ERROR;
				GCC_WARN_UNDECLARED_SELECTOR = YES;
				GCC_WARN_UNINITIALIZED_AUTOS = YES_AGGRESSIVE;
				GCC_WARN_UNUSED_FUNCTION = YES;
				GCC_WARN_UNUSED_VARIABLE = YES;
				IPHONEOS_DEPLOYMENT_TARGET = 17.0;
				LOCALIZATION_PREFERS_STRING_CATALOGS = YES;
				MTL_ENABLE_DEBUG_INFO = INCLUDE_SOURCE;
				MTL_FAST_MATH = YES;
				ONLY_ACTIVE_ARCH = YES;
				SDKROOT = iphoneos;
				SWIFT_ACTIVE_COMPILATION_CONDITIONS = "DEBUG $(inherited)";
				SWIFT_OPTIMIZATION_LEVEL = "-Onone";
			};
			name = Debug;
		};
		B672B83E2B0910E000E5201B /* Release */ = {
			isa = XCBuildConfiguration;
			buildSettings = {
				ALWAYS_SEARCH_USER_PATHS = NO;
				ASSETCATALOG_COMPILER_GENERATE_SWIFT_ASSET_SYMBOL_EXTENSIONS = YES;
				CLANG_ANALYZER_NONNULL = YES;
				CLANG_ANALYZER_NUMBER_OBJECT_CONVERSION = YES_AGGRESSIVE;
				CLANG_CXX_LANGUAGE_STANDARD = "gnu++20";
				CLANG_ENABLE_MODULES = YES;
				CLANG_ENABLE_OBJC_ARC = YES;
				CLANG_ENABLE_OBJC_WEAK = YES;
				CLANG_WARN_BLOCK_CAPTURE_AUTORELEASING = YES;
				CLANG_WARN_BOOL_CONVERSION = YES;
				CLANG_WARN_COMMA = YES;
				CLANG_WARN_CONSTANT_CONVERSION = YES;
				CLANG_WARN_DEPRECATED_OBJC_IMPLEMENTATIONS = YES;
				CLANG_WARN_DIRECT_OBJC_ISA_USAGE = YES_ERROR;
				CLANG_WARN_DOCUMENTATION_COMMENTS = YES;
				CLANG_WARN_EMPTY_BODY = YES;
				CLANG_WARN_ENUM_CONVERSION = YES;
				CLANG_WARN_INFINITE_RECURSION = YES;
				CLANG_WARN_INT_CONVERSION = YES;
				CLANG_WARN_NON_LITERAL_NULL_CONVERSION = YES;
				CLANG_WARN_OBJC_IMPLICIT_RETAIN_SELF = YES;
				CLANG_WARN_OBJC_LITERAL_CONVERSION = YES;
				CLANG_WARN_OBJC_ROOT_CLASS = YES_ERROR;
				CLANG_WARN_QUOTED_INCLUDE_IN_FRAMEWORK_HEADER = YES;
				CLANG_WARN_RANGE_LOOP_ANALYSIS = YES;
				CLANG_WARN_STRICT_PROTOTYPES = YES;
				CLANG_WARN_SUSPICIOUS_MOVE = YES;
				CLANG_WARN_UNGUARDED_AVAILABILITY = YES_AGGRESSIVE;
				CLANG_WARN_UNREACHABLE_CODE = YES;
				CLANG_WARN__DUPLICATE_METHOD_MATCH = YES;
				COPY_PHASE_STRIP = NO;
				DEBUG_INFORMATION_FORMAT = "dwarf-with-dsym";
				ENABLE_NS_ASSERTIONS = NO;
				ENABLE_STRICT_OBJC_MSGSEND = YES;
				ENABLE_USER_SCRIPT_SANDBOXING = YES;
				GCC_C_LANGUAGE_STANDARD = gnu17;
				GCC_NO_COMMON_BLOCKS = YES;
				GCC_WARN_64_TO_32_BIT_CONVERSION = YES;
				GCC_WARN_ABOUT_RETURN_TYPE = YES_ERROR;
				GCC_WARN_UNDECLARED_SELECTOR = YES;
				GCC_WARN_UNINITIALIZED_AUTOS = YES_AGGRESSIVE;
				GCC_WARN_UNUSED_FUNCTION = YES;
				GCC_WARN_UNUSED_VARIABLE = YES;
				IPHONEOS_DEPLOYMENT_TARGET = 17.0;
				LOCALIZATION_PREFERS_STRING_CATALOGS = YES;
				MTL_ENABLE_DEBUG_INFO = NO;
				MTL_FAST_MATH = YES;
				SDKROOT = iphoneos;
				SWIFT_COMPILATION_MODE = wholemodule;
				VALIDATE_PRODUCT = YES;
			};
			name = Release;
		};
		B672B8402B0910E000E5201B /* Debug */ = {
			isa = XCBuildConfiguration;
			buildSettings = {
				ASSETCATALOG_COMPILER_APPICON_NAME = AppIcon;
				ASSETCATALOG_COMPILER_GLOBAL_ACCENT_COLOR_NAME = AccentColor;
				CODE_SIGN_STYLE = Automatic;
				CURRENT_PROJECT_VERSION = 1;
				DEVELOPMENT_TEAM = HL89CPH3NA;
				GENERATE_INFOPLIST_FILE = YES;
				INFOPLIST_FILE = GeulGeurim/Info.plist;
				INFOPLIST_KEY_LSApplicationCategoryType = "public.app-category.books";
				INFOPLIST_KEY_UIApplicationSupportsIndirectInputEvents = YES;
				INFOPLIST_KEY_UILaunchStoryboardName = LaunchScreen;
				INFOPLIST_KEY_UISupportedInterfaceOrientations = UIInterfaceOrientationPortrait;
				INFOPLIST_KEY_UISupportedInterfaceOrientations_iPad = "UIInterfaceOrientationLandscapeLeft UIInterfaceOrientationLandscapeRight UIInterfaceOrientationPortrait UIInterfaceOrientationPortraitUpsideDown";
				IPHONEOS_DEPLOYMENT_TARGET = 15.0;
				LD_RUNPATH_SEARCH_PATHS = (
					"$(inherited)",
					"@executable_path/Frameworks",
				);
				MARKETING_VERSION = 1.0;
				PRODUCT_BUNDLE_IDENTIFIER = com.HunHieLee.GeulGeurim;
				PRODUCT_NAME = "$(TARGET_NAME)";
				SUPPORTED_PLATFORMS = "iphoneos iphonesimulator";
				SUPPORTS_MACCATALYST = NO;
				SUPPORTS_MAC_DESIGNED_FOR_IPHONE_IPAD = NO;
				SWIFT_EMIT_LOC_STRINGS = YES;
				SWIFT_VERSION = 5.0;
				TARGETED_DEVICE_FAMILY = 1;
			};
			name = Debug;
		};
		B672B8412B0910E000E5201B /* Release */ = {
			isa = XCBuildConfiguration;
			buildSettings = {
				ASSETCATALOG_COMPILER_APPICON_NAME = AppIcon;
				ASSETCATALOG_COMPILER_GLOBAL_ACCENT_COLOR_NAME = AccentColor;
				CODE_SIGN_STYLE = Automatic;
				CURRENT_PROJECT_VERSION = 1;
				DEVELOPMENT_TEAM = HL89CPH3NA;
				GENERATE_INFOPLIST_FILE = YES;
				INFOPLIST_FILE = GeulGeurim/Info.plist;
				INFOPLIST_KEY_LSApplicationCategoryType = "public.app-category.books";
				INFOPLIST_KEY_UIApplicationSupportsIndirectInputEvents = YES;
				INFOPLIST_KEY_UILaunchStoryboardName = LaunchScreen;
				INFOPLIST_KEY_UISupportedInterfaceOrientations = UIInterfaceOrientationPortrait;
				INFOPLIST_KEY_UISupportedInterfaceOrientations_iPad = "UIInterfaceOrientationLandscapeLeft UIInterfaceOrientationLandscapeRight UIInterfaceOrientationPortrait UIInterfaceOrientationPortraitUpsideDown";
				IPHONEOS_DEPLOYMENT_TARGET = 15.0;
				LD_RUNPATH_SEARCH_PATHS = (
					"$(inherited)",
					"@executable_path/Frameworks",
				);
				MARKETING_VERSION = 1.0;
				PRODUCT_BUNDLE_IDENTIFIER = com.HunHieLee.GeulGeurim;
				PRODUCT_NAME = "$(TARGET_NAME)";
				SUPPORTED_PLATFORMS = "iphoneos iphonesimulator";
				SUPPORTS_MACCATALYST = NO;
				SUPPORTS_MAC_DESIGNED_FOR_IPHONE_IPAD = NO;
				SWIFT_EMIT_LOC_STRINGS = YES;
				SWIFT_VERSION = 5.0;
				TARGETED_DEVICE_FAMILY = 1;
			};
			name = Release;
		};
		B672B8432B0910E000E5201B /* Debug */ = {
			isa = XCBuildConfiguration;
			buildSettings = {
				ALWAYS_EMBED_SWIFT_STANDARD_LIBRARIES = YES;
				BUNDLE_LOADER = "$(TEST_HOST)";
				CODE_SIGN_STYLE = Automatic;
				CURRENT_PROJECT_VERSION = 1;
				DEVELOPMENT_TEAM = HL89CPH3NA;
				GENERATE_INFOPLIST_FILE = YES;
				IPHONEOS_DEPLOYMENT_TARGET = 17.0;
				MARKETING_VERSION = 1.0;
				PRODUCT_BUNDLE_IDENTIFIER = com.HunHieLee.GeulGeurimTests;
				PRODUCT_NAME = "$(TARGET_NAME)";
				SWIFT_EMIT_LOC_STRINGS = NO;
				SWIFT_VERSION = 5.0;
				TARGETED_DEVICE_FAMILY = "1,2";
				TEST_HOST = "$(BUILT_PRODUCTS_DIR)/GeulGeurim.app/$(BUNDLE_EXECUTABLE_FOLDER_PATH)/GeulGeurim";
			};
			name = Debug;
		};
		B672B8442B0910E000E5201B /* Release */ = {
			isa = XCBuildConfiguration;
			buildSettings = {
				ALWAYS_EMBED_SWIFT_STANDARD_LIBRARIES = YES;
				BUNDLE_LOADER = "$(TEST_HOST)";
				CODE_SIGN_STYLE = Automatic;
				CURRENT_PROJECT_VERSION = 1;
				DEVELOPMENT_TEAM = HL89CPH3NA;
				GENERATE_INFOPLIST_FILE = YES;
				IPHONEOS_DEPLOYMENT_TARGET = 17.0;
				MARKETING_VERSION = 1.0;
				PRODUCT_BUNDLE_IDENTIFIER = com.HunHieLee.GeulGeurimTests;
				PRODUCT_NAME = "$(TARGET_NAME)";
				SWIFT_EMIT_LOC_STRINGS = NO;
				SWIFT_VERSION = 5.0;
				TARGETED_DEVICE_FAMILY = "1,2";
				TEST_HOST = "$(BUILT_PRODUCTS_DIR)/GeulGeurim.app/$(BUNDLE_EXECUTABLE_FOLDER_PATH)/GeulGeurim";
			};
			name = Release;
		};
		B672B8462B0910E000E5201B /* Debug */ = {
			isa = XCBuildConfiguration;
			buildSettings = {
				ALWAYS_EMBED_SWIFT_STANDARD_LIBRARIES = YES;
				CODE_SIGN_STYLE = Automatic;
				CURRENT_PROJECT_VERSION = 1;
				DEVELOPMENT_TEAM = HL89CPH3NA;
				GENERATE_INFOPLIST_FILE = YES;
				MARKETING_VERSION = 1.0;
				PRODUCT_BUNDLE_IDENTIFIER = com.HunHieLee.GeulGeurimUITests;
				PRODUCT_NAME = "$(TARGET_NAME)";
				SWIFT_EMIT_LOC_STRINGS = NO;
				SWIFT_VERSION = 5.0;
				TARGETED_DEVICE_FAMILY = "1,2";
				TEST_TARGET_NAME = GeulGeurim;
			};
			name = Debug;
		};
		B672B8472B0910E000E5201B /* Release */ = {
			isa = XCBuildConfiguration;
			buildSettings = {
				ALWAYS_EMBED_SWIFT_STANDARD_LIBRARIES = YES;
				CODE_SIGN_STYLE = Automatic;
				CURRENT_PROJECT_VERSION = 1;
				DEVELOPMENT_TEAM = HL89CPH3NA;
				GENERATE_INFOPLIST_FILE = YES;
				MARKETING_VERSION = 1.0;
				PRODUCT_BUNDLE_IDENTIFIER = com.HunHieLee.GeulGeurimUITests;
				PRODUCT_NAME = "$(TARGET_NAME)";
				SWIFT_EMIT_LOC_STRINGS = NO;
				SWIFT_VERSION = 5.0;
				TARGETED_DEVICE_FAMILY = "1,2";
				TEST_TARGET_NAME = GeulGeurim;
			};
			name = Release;
		};
/* End XCBuildConfiguration section */

/* Begin XCConfigurationList section */
		B672B8102B0910DF00E5201B /* Build configuration list for PBXProject "GeulGeurim" */ = {
			isa = XCConfigurationList;
			buildConfigurations = (
				B672B83D2B0910E000E5201B /* Debug */,
				B672B83E2B0910E000E5201B /* Release */,
			);
			defaultConfigurationIsVisible = 0;
			defaultConfigurationName = Release;
		};
		B672B83F2B0910E000E5201B /* Build configuration list for PBXNativeTarget "GeulGeurim" */ = {
			isa = XCConfigurationList;
			buildConfigurations = (
				B672B8402B0910E000E5201B /* Debug */,
				B672B8412B0910E000E5201B /* Release */,
			);
			defaultConfigurationIsVisible = 0;
			defaultConfigurationName = Release;
		};
		B672B8422B0910E000E5201B /* Build configuration list for PBXNativeTarget "GeulGeurimTests" */ = {
			isa = XCConfigurationList;
			buildConfigurations = (
				B672B8432B0910E000E5201B /* Debug */,
				B672B8442B0910E000E5201B /* Release */,
			);
			defaultConfigurationIsVisible = 0;
			defaultConfigurationName = Release;
		};
		B672B8452B0910E000E5201B /* Build configuration list for PBXNativeTarget "GeulGeurimUITests" */ = {
			isa = XCConfigurationList;
			buildConfigurations = (
				B672B8462B0910E000E5201B /* Debug */,
				B672B8472B0910E000E5201B /* Release */,
			);
			defaultConfigurationIsVisible = 0;
			defaultConfigurationName = Release;
		};
/* End XCConfigurationList section */

/* Begin XCRemoteSwiftPackageReference section */
		B672B84F2B0915CC00E5201B /* XCRemoteSwiftPackageReference "SnapKit" */ = {
			isa = XCRemoteSwiftPackageReference;
			repositoryURL = "https://github.com/SnapKit/SnapKit";
			requirement = {
				kind = upToNextMajorVersion;
				minimumVersion = 5.6.0;
			};
		};
/* End XCRemoteSwiftPackageReference section */

/* Begin XCSwiftPackageProductDependency section */
		B672B8502B0915CC00E5201B /* SnapKit */ = {
			isa = XCSwiftPackageProductDependency;
			package = B672B84F2B0915CC00E5201B /* XCRemoteSwiftPackageReference "SnapKit" */;
			productName = SnapKit;
		};
/* End XCSwiftPackageProductDependency section */
	};
	rootObject = B672B80D2B0910DF00E5201B /* Project object */;
}
